
Microsoft Visual Studio Solution File, Format Version 12.00
# Visual Studio Version 17
VisualStudioVersion = 17.4.33403.182
MinimumVisualStudioVersion = 10.0.40219.1
Project("{FAE04EC0-301F-11D3-BF4B-00C04F79EFBC}") = "AbstractClasses.Net5.0", "AbstractClasses.Net5.0\AbstractClasses.Net5.0.csproj", "{808BB2C1-DD0D-4DFE-A5E5-7A815E5FF3C4}"
EndProject
Global
	GlobalSection(SolutionConfigurationPlatforms) = preSolution
		Debug|Any CPU = Debug|Any CPU
		Release|Any CPU = Release|Any CPU
	EndGlobalSection
	GlobalSection(ProjectConfigurationPlatforms) = postSolution
		{808BB2C1-DD0D-4DFE-A5E5-7A815E5FF3C4}.Debug|Any CPU.ActiveCfg = Debug|Any CPU
		{808BB2C1-DD0D-4DFE-A5E5-7A815E5FF3C4}.Debug|Any CPU.Build.0 = Debug|Any CPU
		{808BB2C1-DD0D-4DFE-A5E5-7A815E5FF3C4}.Release|Any CPU.ActiveCfg = Release|Any CPU
		{808BB2C1-DD0D-4DFE-A5E5-7A815E5FF3C4}.Release|Any CPU.Build.0 = Release|Any CPU
	EndGlobalSection
	GlobalSection(SolutionProperties) = preSolution
		HideSolutionNode = FALSE
	EndGlobalSection
	GlobalSection(ExtensibilityGlobals) = postSolution
		SolutionGuid = {518D81FF-4367-42B2-AF08-AC065A35368E}
	EndGlobalSection
EndGlobal
